
Microsoft Visual Studio Solution File, Format Version 12.00
# Visual Studio Version 16
VisualStudioVersion = 16.0.31321.278
MinimumVisualStudioVersion = 10.0.40219.1
Project("{FAE04EC0-301F-11D3-BF4B-00C04F79EFBC}") = "MetricsManager", "MetricsManager\MetricsManager.csproj", "{D7C7369F-1923-46DD-846F-B02377C662E7}"
EndProject
Project("{FAE04EC0-301F-11D3-BF4B-00C04F79EFBC}") = "MetricsAgent", "MetricsAgent\MetricsAgent.csproj", "{D7CA680F-D2E0-476A-A757-9B480D97BB7E}"
EndProject
Global
	GlobalSection(SolutionConfigurationPlatforms) = preSolution
		Debug|Any CPU = Debug|Any CPU
		Release|Any CPU = Release|Any CPU
	EndGlobalSection
	GlobalSection(ProjectConfigurationPlatforms) = postSolution
		{D7C7369F-1923-46DD-846F-B02377C662E7}.Debug|Any CPU.ActiveCfg = Debug|Any CPU
		{D7C7369F-1923-46DD-846F-B02377C662E7}.Debug|Any CPU.Build.0 = Debug|Any CPU
		{D7C7369F-1923-46DD-846F-B02377C662E7}.Release|Any CPU.ActiveCfg = Release|Any CPU
		{D7C7369F-1923-46DD-846F-B02377C662E7}.Release|Any CPU.Build.0 = Release|Any CPU
		{D7CA680F-D2E0-476A-A757-9B480D97BB7E}.Debug|Any CPU.ActiveCfg = Debug|Any CPU
		{D7CA680F-D2E0-476A-A757-9B480D97BB7E}.Debug|Any CPU.Build.0 = Debug|Any CPU
		{D7CA680F-D2E0-476A-A757-9B480D97BB7E}.Release|Any CPU.ActiveCfg = Release|Any CPU
		{D7CA680F-D2E0-476A-A757-9B480D97BB7E}.Release|Any CPU.Build.0 = Release|Any CPU
	EndGlobalSection
	GlobalSection(SolutionProperties) = preSolution
		HideSolutionNode = FALSE
	EndGlobalSection
	GlobalSection(ExtensibilityGlobals) = postSolution
		SolutionGuid = {B4FC4306-3ED6-46C3-A519-81E71790F144}
	EndGlobalSection
EndGlobal
